// !$*UTF8*$!
{
	archiveVersion = 1;
	classes = {
	};
	objectVersion = 51;
	objects = {

/* Begin PBXBuildFile section */
		095E52EB24ADB136009FABE3 /* AppDelegate.swift in Sources */ = {isa = PBXBuildFile; fileRef = 095E52EA24ADB136009FABE3 /* AppDelegate.swift */; };
		095E52ED24ADB136009FABE3 /* SceneDelegate.swift in Sources */ = {isa = PBXBuildFile; fileRef = 095E52EC24ADB136009FABE3 /* SceneDelegate.swift */; };
		095E52F124ADB139009FABE3 /* Assets.xcassets in Resources */ = {isa = PBXBuildFile; fileRef = 095E52F024ADB139009FABE3 /* Assets.xcassets */; };
		095E52F424ADB139009FABE3 /* Preview Assets.xcassets in Resources */ = {isa = PBXBuildFile; fileRef = 095E52F324ADB139009FABE3 /* Preview Assets.xcassets */; };
		095E52F724ADB139009FABE3 /* LaunchScreen.storyboard in Resources */ = {isa = PBXBuildFile; fileRef = 095E52F524ADB139009FABE3 /* LaunchScreen.storyboard */; };
		095E530224ADB139009FABE3 /* AnimeBrowsingAppTests.swift in Sources */ = {isa = PBXBuildFile; fileRef = 095E530124ADB139009FABE3 /* AnimeBrowsingAppTests.swift */; };
		095E530D24ADB139009FABE3 /* AnimeBrowsingAppUITests.swift in Sources */ = {isa = PBXBuildFile; fileRef = 095E530C24ADB139009FABE3 /* AnimeBrowsingAppUITests.swift */; };
		095E531B24ADB320009FABE3 /* HomeScreenViewController.swift in Sources */ = {isa = PBXBuildFile; fileRef = 095E531A24ADB320009FABE3 /* HomeScreenViewController.swift */; };
		095E531E24ADB459009FABE3 /* UIViewExtensions.swift in Sources */ = {isa = PBXBuildFile; fileRef = 095E531D24ADB459009FABE3 /* UIViewExtensions.swift */; };
		095E532024ADB605009FABE3 /* AnimeTableCell.swift in Sources */ = {isa = PBXBuildFile; fileRef = 095E531F24ADB605009FABE3 /* AnimeTableCell.swift */; };
		095E532224AEBEB5009FABE3 /* Constants.swift in Sources */ = {isa = PBXBuildFile; fileRef = 095E532124AEBEB5009FABE3 /* Constants.swift */; };
		095E532824AEC225009FABE3 /* Anime.swift in Sources */ = {isa = PBXBuildFile; fileRef = 095E532724AEC225009FABE3 /* Anime.swift */; };
		095E532A24B1891E009FABE3 /* UIImageViewExtensions.swift in Sources */ = {isa = PBXBuildFile; fileRef = 095E532924B1891E009FABE3 /* UIImageViewExtensions.swift */; };
		09E3463F24B6B55700DD6B0E /* DetailPageViewController.swift in Sources */ = {isa = PBXBuildFile; fileRef = 09E3463E24B6B55700DD6B0E /* DetailPageViewController.swift */; };
		73081AC5C4455A20DC29EAEA /* Pods_AnimeBrowsingApp_AnimeBrowsingAppUITests.framework in Frameworks */ = {isa = PBXBuildFile; fileRef = 2AA18B72BC1CAFE6F070FB4B /* Pods_AnimeBrowsingApp_AnimeBrowsingAppUITests.framework */; };
		73A4C99205165E5F8BF22171 /* Pods_AnimeBrowsingAppTests.framework in Frameworks */ = {isa = PBXBuildFile; fileRef = CDE76E6C9CB5A1A0D0FA6EE3 /* Pods_AnimeBrowsingAppTests.framework */; };
		F04C972F24C920E100897247 /* AnimeCollectionView.swift in Sources */ = {isa = PBXBuildFile; fileRef = F04C972E24C920E100897247 /* AnimeCollectionView.swift */; };
		F04C973424C9228600897247 /* AnimeCollectionViewController.swift in Sources */ = {isa = PBXBuildFile; fileRef = F04C973324C9228600897247 /* AnimeCollectionViewController.swift */; };
		F0DAC92D24BEB7F000B51FD4 /* UIDeviceExtensions.swift in Sources */ = {isa = PBXBuildFile; fileRef = F0DAC92C24BEB7F000B51FD4 /* UIDeviceExtensions.swift */; };
		F0DAC92F24C0CB4B00B51FD4 /* CGLayerExtensions.swift in Sources */ = {isa = PBXBuildFile; fileRef = F0DAC92E24C0CB4B00B51FD4 /* CGLayerExtensions.swift */; };
		F0DAC93124C665B500B51FD4 /* AnimeHomeCollectionViewController.swift in Sources */ = {isa = PBXBuildFile; fileRef = F0DAC93024C665B500B51FD4 /* AnimeHomeCollectionViewController.swift */; };
		FDFE0487BBC66F712E59D821 /* Pods_AnimeBrowsingApp.framework in Frameworks */ = {isa = PBXBuildFile; fileRef = 4CF0F3B8A2F383CB3619B10E /* Pods_AnimeBrowsingApp.framework */; };
/* End PBXBuildFile section */

/* Begin PBXContainerItemProxy section */
		095E52FE24ADB139009FABE3 /* PBXContainerItemProxy */ = {
			isa = PBXContainerItemProxy;
			containerPortal = 095E52DF24ADB136009FABE3 /* Project object */;
			proxyType = 1;
			remoteGlobalIDString = 095E52E624ADB136009FABE3;
			remoteInfo = AnimeBrowsingApp;
		};
		095E530924ADB139009FABE3 /* PBXContainerItemProxy */ = {
			isa = PBXContainerItemProxy;
			containerPortal = 095E52DF24ADB136009FABE3 /* Project object */;
			proxyType = 1;
			remoteGlobalIDString = 095E52E624ADB136009FABE3;
			remoteInfo = AnimeBrowsingApp;
		};
/* End PBXContainerItemProxy section */

/* Begin PBXFileReference section */
		095E52E724ADB136009FABE3 /* AnimeBrowsingApp.app */ = {isa = PBXFileReference; explicitFileType = wrapper.application; includeInIndex = 0; path = AnimeBrowsingApp.app; sourceTree = BUILT_PRODUCTS_DIR; };
		095E52EA24ADB136009FABE3 /* AppDelegate.swift */ = {isa = PBXFileReference; lastKnownFileType = sourcecode.swift; path = AppDelegate.swift; sourceTree = "<group>"; };
		095E52EC24ADB136009FABE3 /* SceneDelegate.swift */ = {isa = PBXFileReference; lastKnownFileType = sourcecode.swift; path = SceneDelegate.swift; sourceTree = "<group>"; };
		095E52F024ADB139009FABE3 /* Assets.xcassets */ = {isa = PBXFileReference; lastKnownFileType = folder.assetcatalog; path = Assets.xcassets; sourceTree = "<group>"; };
		095E52F324ADB139009FABE3 /* Preview Assets.xcassets */ = {isa = PBXFileReference; lastKnownFileType = folder.assetcatalog; path = "Preview Assets.xcassets"; sourceTree = "<group>"; };
		095E52F624ADB139009FABE3 /* Base */ = {isa = PBXFileReference; lastKnownFileType = file.storyboard; name = Base; path = Base.lproj/LaunchScreen.storyboard; sourceTree = "<group>"; };
		095E52F824ADB139009FABE3 /* Info.plist */ = {isa = PBXFileReference; lastKnownFileType = text.plist.xml; path = Info.plist; sourceTree = "<group>"; };
		095E52FD24ADB139009FABE3 /* AnimeBrowsingAppTests.xctest */ = {isa = PBXFileReference; explicitFileType = wrapper.cfbundle; includeInIndex = 0; path = AnimeBrowsingAppTests.xctest; sourceTree = BUILT_PRODUCTS_DIR; };
		095E530124ADB139009FABE3 /* AnimeBrowsingAppTests.swift */ = {isa = PBXFileReference; lastKnownFileType = sourcecode.swift; path = AnimeBrowsingAppTests.swift; sourceTree = "<group>"; };
		095E530324ADB139009FABE3 /* Info.plist */ = {isa = PBXFileReference; lastKnownFileType = text.plist.xml; path = Info.plist; sourceTree = "<group>"; };
		095E530824ADB139009FABE3 /* AnimeBrowsingAppUITests.xctest */ = {isa = PBXFileReference; explicitFileType = wrapper.cfbundle; includeInIndex = 0; path = AnimeBrowsingAppUITests.xctest; sourceTree = BUILT_PRODUCTS_DIR; };
		095E530C24ADB139009FABE3 /* AnimeBrowsingAppUITests.swift */ = {isa = PBXFileReference; lastKnownFileType = sourcecode.swift; path = AnimeBrowsingAppUITests.swift; sourceTree = "<group>"; };
		095E530E24ADB139009FABE3 /* Info.plist */ = {isa = PBXFileReference; lastKnownFileType = text.plist.xml; path = Info.plist; sourceTree = "<group>"; };
		095E531A24ADB320009FABE3 /* HomeScreenViewController.swift */ = {isa = PBXFileReference; lastKnownFileType = sourcecode.swift; path = HomeScreenViewController.swift; sourceTree = "<group>"; };
		095E531D24ADB459009FABE3 /* UIViewExtensions.swift */ = {isa = PBXFileReference; lastKnownFileType = sourcecode.swift; path = UIViewExtensions.swift; sourceTree = "<group>"; };
		095E531F24ADB605009FABE3 /* AnimeTableCell.swift */ = {isa = PBXFileReference; lastKnownFileType = sourcecode.swift; path = AnimeTableCell.swift; sourceTree = "<group>"; };
		095E532124AEBEB5009FABE3 /* Constants.swift */ = {isa = PBXFileReference; lastKnownFileType = sourcecode.swift; path = Constants.swift; sourceTree = "<group>"; };
		095E532724AEC225009FABE3 /* Anime.swift */ = {isa = PBXFileReference; lastKnownFileType = sourcecode.swift; path = Anime.swift; sourceTree = "<group>"; };
		095E532924B1891E009FABE3 /* UIImageViewExtensions.swift */ = {isa = PBXFileReference; lastKnownFileType = sourcecode.swift; path = UIImageViewExtensions.swift; sourceTree = "<group>"; };
		09E3463E24B6B55700DD6B0E /* DetailPageViewController.swift */ = {isa = PBXFileReference; lastKnownFileType = sourcecode.swift; path = DetailPageViewController.swift; sourceTree = "<group>"; };
		2AA18B72BC1CAFE6F070FB4B /* Pods_AnimeBrowsingApp_AnimeBrowsingAppUITests.framework */ = {isa = PBXFileReference; explicitFileType = wrapper.framework; includeInIndex = 0; path = Pods_AnimeBrowsingApp_AnimeBrowsingAppUITests.framework; sourceTree = BUILT_PRODUCTS_DIR; };
		327291F900776692557A9437 /* Pods-AnimeBrowsingApp-AnimeBrowsingAppUITests.release.xcconfig */ = {isa = PBXFileReference; includeInIndex = 1; lastKnownFileType = text.xcconfig; name = "Pods-AnimeBrowsingApp-AnimeBrowsingAppUITests.release.xcconfig"; path = "Target Support Files/Pods-AnimeBrowsingApp-AnimeBrowsingAppUITests/Pods-AnimeBrowsingApp-AnimeBrowsingAppUITests.release.xcconfig"; sourceTree = "<group>"; };
		4CF0F3B8A2F383CB3619B10E /* Pods_AnimeBrowsingApp.framework */ = {isa = PBXFileReference; explicitFileType = wrapper.framework; includeInIndex = 0; path = Pods_AnimeBrowsingApp.framework; sourceTree = BUILT_PRODUCTS_DIR; };
		5B0FFC1E7EE25E505B412AB3 /* Pods-AnimeBrowsingAppTests.debug.xcconfig */ = {isa = PBXFileReference; includeInIndex = 1; lastKnownFileType = text.xcconfig; name = "Pods-AnimeBrowsingAppTests.debug.xcconfig"; path = "Target Support Files/Pods-AnimeBrowsingAppTests/Pods-AnimeBrowsingAppTests.debug.xcconfig"; sourceTree = "<group>"; };
		5FC547156AE17DFE0224F9D4 /* Pods-AnimeBrowsingApp.debug.xcconfig */ = {isa = PBXFileReference; includeInIndex = 1; lastKnownFileType = text.xcconfig; name = "Pods-AnimeBrowsingApp.debug.xcconfig"; path = "Target Support Files/Pods-AnimeBrowsingApp/Pods-AnimeBrowsingApp.debug.xcconfig"; sourceTree = "<group>"; };
		80C61A97E41CD8B3F068F639 /* Pods-AnimeBrowsingApp.release.xcconfig */ = {isa = PBXFileReference; includeInIndex = 1; lastKnownFileType = text.xcconfig; name = "Pods-AnimeBrowsingApp.release.xcconfig"; path = "Target Support Files/Pods-AnimeBrowsingApp/Pods-AnimeBrowsingApp.release.xcconfig"; sourceTree = "<group>"; };
		8B0B377890E44BDF6378802A /* Pods-AnimeBrowsingApp-AnimeBrowsingAppUITests.debug.xcconfig */ = {isa = PBXFileReference; includeInIndex = 1; lastKnownFileType = text.xcconfig; name = "Pods-AnimeBrowsingApp-AnimeBrowsingAppUITests.debug.xcconfig"; path = "Target Support Files/Pods-AnimeBrowsingApp-AnimeBrowsingAppUITests/Pods-AnimeBrowsingApp-AnimeBrowsingAppUITests.debug.xcconfig"; sourceTree = "<group>"; };
		CDE76E6C9CB5A1A0D0FA6EE3 /* Pods_AnimeBrowsingAppTests.framework */ = {isa = PBXFileReference; explicitFileType = wrapper.framework; includeInIndex = 0; path = Pods_AnimeBrowsingAppTests.framework; sourceTree = BUILT_PRODUCTS_DIR; };
		E3EDB465F800BBA6CADDFF0E /* Pods-AnimeBrowsingAppTests.release.xcconfig */ = {isa = PBXFileReference; includeInIndex = 1; lastKnownFileType = text.xcconfig; name = "Pods-AnimeBrowsingAppTests.release.xcconfig"; path = "Target Support Files/Pods-AnimeBrowsingAppTests/Pods-AnimeBrowsingAppTests.release.xcconfig"; sourceTree = "<group>"; };
		F04C972E24C920E100897247 /* AnimeCollectionView.swift */ = {isa = PBXFileReference; lastKnownFileType = sourcecode.swift; name = AnimeCollectionView.swift; path = ViewSubComponents/AnimeCollectionView.swift; sourceTree = "<group>"; };
		F04C973324C9228600897247 /* AnimeCollectionViewController.swift */ = {isa = PBXFileReference; lastKnownFileType = sourcecode.swift; path = AnimeCollectionViewController.swift; sourceTree = "<group>"; };
		F0DAC92C24BEB7F000B51FD4 /* UIDeviceExtensions.swift */ = {isa = PBXFileReference; lastKnownFileType = sourcecode.swift; path = UIDeviceExtensions.swift; sourceTree = "<group>"; };
		F0DAC92E24C0CB4B00B51FD4 /* CGLayerExtensions.swift */ = {isa = PBXFileReference; lastKnownFileType = sourcecode.swift; path = CGLayerExtensions.swift; sourceTree = "<group>"; };
		F0DAC93024C665B500B51FD4 /* AnimeHomeCollectionViewController.swift */ = {isa = PBXFileReference; lastKnownFileType = sourcecode.swift; path = AnimeHomeCollectionViewController.swift; sourceTree = "<group>"; };
/* End PBXFileReference section */

/* Begin PBXFrameworksBuildPhase section */
		095E52E424ADB136009FABE3 /* Frameworks */ = {
			isa = PBXFrameworksBuildPhase;
			buildActionMask = 2147483647;
			files = (
				FDFE0487BBC66F712E59D821 /* Pods_AnimeBrowsingApp.framework in Frameworks */,
			);
			runOnlyForDeploymentPostprocessing = 0;
		};
		095E52FA24ADB139009FABE3 /* Frameworks */ = {
			isa = PBXFrameworksBuildPhase;
			buildActionMask = 2147483647;
			files = (
				73A4C99205165E5F8BF22171 /* Pods_AnimeBrowsingAppTests.framework in Frameworks */,
			);
			runOnlyForDeploymentPostprocessing = 0;
		};
		095E530524ADB139009FABE3 /* Frameworks */ = {
			isa = PBXFrameworksBuildPhase;
			buildActionMask = 2147483647;
			files = (
				73081AC5C4455A20DC29EAEA /* Pods_AnimeBrowsingApp_AnimeBrowsingAppUITests.framework in Frameworks */,
			);
			runOnlyForDeploymentPostprocessing = 0;
		};
/* End PBXFrameworksBuildPhase section */

/* Begin PBXGroup section */
		0910523524B65F9500F0AE5F /* Controllers */ = {
			isa = PBXGroup;
			children = (
				F04C973024C9215000897247 /* SubControllers */,
				095E531A24ADB320009FABE3 /* HomeScreenViewController.swift */,
				09E3463E24B6B55700DD6B0E /* DetailPageViewController.swift */,
				F0DAC93024C665B500B51FD4 /* AnimeHomeCollectionViewController.swift */,
			);
			path = Controllers;
			sourceTree = "<group>";
		};
		095E52DE24ADB136009FABE3 = {
			isa = PBXGroup;
			children = (
				095E52E924ADB136009FABE3 /* AnimeBrowsingApp */,
				095E530024ADB139009FABE3 /* AnimeBrowsingAppTests */,
				095E530B24ADB139009FABE3 /* AnimeBrowsingAppUITests */,
				095E52E824ADB136009FABE3 /* Products */,
				F69401134D05CF71E15818A8 /* Pods */,
				5D9508B3C2D8F0723746C344 /* Frameworks */,
			);
			sourceTree = "<group>";
		};
		095E52E824ADB136009FABE3 /* Products */ = {
			isa = PBXGroup;
			children = (
				095E52E724ADB136009FABE3 /* AnimeBrowsingApp.app */,
				095E52FD24ADB139009FABE3 /* AnimeBrowsingAppTests.xctest */,
				095E530824ADB139009FABE3 /* AnimeBrowsingAppUITests.xctest */,
			);
			name = Products;
			sourceTree = "<group>";
		};
		095E52E924ADB136009FABE3 /* AnimeBrowsingApp */ = {
			isa = PBXGroup;
			children = (
				0910523524B65F9500F0AE5F /* Controllers */,
				095E532524AEC18E009FABE3 /* Models */,
				095E532324AEC13E009FABE3 /* Views */,
				095E531C24ADB43C009FABE3 /* Extensions */,
				095E52EA24ADB136009FABE3 /* AppDelegate.swift */,
				095E52EC24ADB136009FABE3 /* SceneDelegate.swift */,
				095E52F024ADB139009FABE3 /* Assets.xcassets */,
				095E52F524ADB139009FABE3 /* LaunchScreen.storyboard */,
				095E52F824ADB139009FABE3 /* Info.plist */,
				095E52F224ADB139009FABE3 /* Preview Content */,
			);
			path = AnimeBrowsingApp;
			sourceTree = "<group>";
		};
		095E52F224ADB139009FABE3 /* Preview Content */ = {
			isa = PBXGroup;
			children = (
				095E52F324ADB139009FABE3 /* Preview Assets.xcassets */,
			);
			path = "Preview Content";
			sourceTree = "<group>";
		};
		095E530024ADB139009FABE3 /* AnimeBrowsingAppTests */ = {
			isa = PBXGroup;
			children = (
				095E530124ADB139009FABE3 /* AnimeBrowsingAppTests.swift */,
				095E530324ADB139009FABE3 /* Info.plist */,
			);
			path = AnimeBrowsingAppTests;
			sourceTree = "<group>";
		};
		095E530B24ADB139009FABE3 /* AnimeBrowsingAppUITests */ = {
			isa = PBXGroup;
			children = (
				095E530C24ADB139009FABE3 /* AnimeBrowsingAppUITests.swift */,
				095E530E24ADB139009FABE3 /* Info.plist */,
			);
			path = AnimeBrowsingAppUITests;
			sourceTree = "<group>";
		};
		095E531C24ADB43C009FABE3 /* Extensions */ = {
			isa = PBXGroup;
			children = (
				095E531D24ADB459009FABE3 /* UIViewExtensions.swift */,
				095E532924B1891E009FABE3 /* UIImageViewExtensions.swift */,
				F0DAC92C24BEB7F000B51FD4 /* UIDeviceExtensions.swift */,
				F0DAC92E24C0CB4B00B51FD4 /* CGLayerExtensions.swift */,
			);
			path = Extensions;
			sourceTree = "<group>";
		};
		095E532324AEC13E009FABE3 /* Views */ = {
			isa = PBXGroup;
			children = (
				095E531F24ADB605009FABE3 /* AnimeTableCell.swift */,
				F04C972E24C920E100897247 /* AnimeCollectionView.swift */,
			);
			path = Views;
			sourceTree = "<group>";
		};
		095E532524AEC18E009FABE3 /* Models */ = {
			isa = PBXGroup;
			children = (
				095E532624AEC1A7009FABE3 /* Constants */,
				095E532724AEC225009FABE3 /* Anime.swift */,
			);
			path = Models;
			sourceTree = "<group>";
		};
		095E532624AEC1A7009FABE3 /* Constants */ = {
			isa = PBXGroup;
			children = (
				095E532124AEBEB5009FABE3 /* Constants.swift */,
			);
			path = Constants;
			sourceTree = "<group>";
		};
		5D9508B3C2D8F0723746C344 /* Frameworks */ = {
			isa = PBXGroup;
			children = (
				4CF0F3B8A2F383CB3619B10E /* Pods_AnimeBrowsingApp.framework */,
				2AA18B72BC1CAFE6F070FB4B /* Pods_AnimeBrowsingApp_AnimeBrowsingAppUITests.framework */,
				CDE76E6C9CB5A1A0D0FA6EE3 /* Pods_AnimeBrowsingAppTests.framework */,
			);
			name = Frameworks;
			sourceTree = "<group>";
		};
		F04C973024C9215000897247 /* SubControllers */ = {
			isa = PBXGroup;
			children = (
				F04C973324C9228600897247 /* AnimeCollectionViewController.swift */,
			);
			path = SubControllers;
			sourceTree = "<group>";
		};
		F69401134D05CF71E15818A8 /* Pods */ = {
			isa = PBXGroup;
			children = (
				5FC547156AE17DFE0224F9D4 /* Pods-AnimeBrowsingApp.debug.xcconfig */,
				80C61A97E41CD8B3F068F639 /* Pods-AnimeBrowsingApp.release.xcconfig */,
				8B0B377890E44BDF6378802A /* Pods-AnimeBrowsingApp-AnimeBrowsingAppUITests.debug.xcconfig */,
				327291F900776692557A9437 /* Pods-AnimeBrowsingApp-AnimeBrowsingAppUITests.release.xcconfig */,
				5B0FFC1E7EE25E505B412AB3 /* Pods-AnimeBrowsingAppTests.debug.xcconfig */,
				E3EDB465F800BBA6CADDFF0E /* Pods-AnimeBrowsingAppTests.release.xcconfig */,
			);
			path = Pods;
			sourceTree = "<group>";
		};
/* End PBXGroup section */

/* Begin PBXNativeTarget section */
		095E52E624ADB136009FABE3 /* AnimeBrowsingApp */ = {
			isa = PBXNativeTarget;
			buildConfigurationList = 095E531124ADB139009FABE3 /* Build configuration list for PBXNativeTarget "AnimeBrowsingApp" */;
			buildPhases = (
				E1C1A7F2D41D045D59CAB8C0 /* [CP] Check Pods Manifest.lock */,
				095E52E324ADB136009FABE3 /* Sources */,
				095E52E424ADB136009FABE3 /* Frameworks */,
				095E52E524ADB136009FABE3 /* Resources */,
				838F4E70FC564A4D942FD3D6 /* [CP] Embed Pods Frameworks */,
			);
			buildRules = (
			);
			dependencies = (
			);
			name = AnimeBrowsingApp;
			productName = AnimeBrowsingApp;
			productReference = 095E52E724ADB136009FABE3 /* AnimeBrowsingApp.app */;
			productType = "com.apple.product-type.application";
		};
		095E52FC24ADB139009FABE3 /* AnimeBrowsingAppTests */ = {
			isa = PBXNativeTarget;
			buildConfigurationList = 095E531424ADB139009FABE3 /* Build configuration list for PBXNativeTarget "AnimeBrowsingAppTests" */;
			buildPhases = (
				D56B060FAD0B5A810FC5E66E /* [CP] Check Pods Manifest.lock */,
				095E52F924ADB139009FABE3 /* Sources */,
				095E52FA24ADB139009FABE3 /* Frameworks */,
				095E52FB24ADB139009FABE3 /* Resources */,
			);
			buildRules = (
			);
			dependencies = (
				095E52FF24ADB139009FABE3 /* PBXTargetDependency */,
			);
			name = AnimeBrowsingAppTests;
			productName = AnimeBrowsingAppTests;
			productReference = 095E52FD24ADB139009FABE3 /* AnimeBrowsingAppTests.xctest */;
			productType = "com.apple.product-type.bundle.unit-test";
		};
		095E530724ADB139009FABE3 /* AnimeBrowsingAppUITests */ = {
			isa = PBXNativeTarget;
			buildConfigurationList = 095E531724ADB139009FABE3 /* Build configuration list for PBXNativeTarget "AnimeBrowsingAppUITests" */;
			buildPhases = (
				573C3B823A54423DB9E8DA09 /* [CP] Check Pods Manifest.lock */,
				095E530424ADB139009FABE3 /* Sources */,
				095E530524ADB139009FABE3 /* Frameworks */,
				095E530624ADB139009FABE3 /* Resources */,
				303F87D057C8F09204EE1CED /* [CP] Embed Pods Frameworks */,
			);
			buildRules = (
			);
			dependencies = (
				095E530A24ADB139009FABE3 /* PBXTargetDependency */,
			);
			name = AnimeBrowsingAppUITests;
			productName = AnimeBrowsingAppUITests;
			productReference = 095E530824ADB139009FABE3 /* AnimeBrowsingAppUITests.xctest */;
			productType = "com.apple.product-type.bundle.ui-testing";
		};
/* End PBXNativeTarget section */

/* Begin PBXProject section */
		095E52DF24ADB136009FABE3 /* Project object */ = {
			isa = PBXProject;
			attributes = {
				LastSwiftUpdateCheck = 1150;
				LastUpgradeCheck = 1150;
				ORGANIZATIONNAME = "qadir haqq";
				TargetAttributes = {
					095E52E624ADB136009FABE3 = {
						CreatedOnToolsVersion = 11.5;
					};
					095E52FC24ADB139009FABE3 = {
						CreatedOnToolsVersion = 11.5;
						TestTargetID = 095E52E624ADB136009FABE3;
					};
					095E530724ADB139009FABE3 = {
						CreatedOnToolsVersion = 11.5;
						TestTargetID = 095E52E624ADB136009FABE3;
					};
				};
			};
			buildConfigurationList = 095E52E224ADB136009FABE3 /* Build configuration list for PBXProject "AnimeBrowsingApp" */;
			compatibilityVersion = "Xcode 9.3";
			developmentRegion = en;
			hasScannedForEncodings = 0;
			knownRegions = (
				en,
				Base,
			);
			mainGroup = 095E52DE24ADB136009FABE3;
			productRefGroup = 095E52E824ADB136009FABE3 /* Products */;
			projectDirPath = "";
			projectRoot = "";
			targets = (
				095E52E624ADB136009FABE3 /* AnimeBrowsingApp */,
				095E52FC24ADB139009FABE3 /* AnimeBrowsingAppTests */,
				095E530724ADB139009FABE3 /* AnimeBrowsingAppUITests */,
			);
		};
/* End PBXProject section */

/* Begin PBXResourcesBuildPhase section */
		095E52E524ADB136009FABE3 /* Resources */ = {
			isa = PBXResourcesBuildPhase;
			buildActionMask = 2147483647;
			files = (
				095E52F724ADB139009FABE3 /* LaunchScreen.storyboard in Resources */,
				095E52F424ADB139009FABE3 /* Preview Assets.xcassets in Resources */,
				095E52F124ADB139009FABE3 /* Assets.xcassets in Resources */,
			);
			runOnlyForDeploymentPostprocessing = 0;
		};
		095E52FB24ADB139009FABE3 /* Resources */ = {
			isa = PBXResourcesBuildPhase;
			buildActionMask = 2147483647;
			files = (
			);
			runOnlyForDeploymentPostprocessing = 0;
		};
		095E530624ADB139009FABE3 /* Resources */ = {
			isa = PBXResourcesBuildPhase;
			buildActionMask = 2147483647;
			files = (
			);
			runOnlyForDeploymentPostprocessing = 0;
		};
/* End PBXResourcesBuildPhase section */

/* Begin PBXShellScriptBuildPhase section */
		303F87D057C8F09204EE1CED /* [CP] Embed Pods Frameworks */ = {
			isa = PBXShellScriptBuildPhase;
			buildActionMask = 2147483647;
			files = (
			);
			inputFileListPaths = (
				"${PODS_ROOT}/Target Support Files/Pods-AnimeBrowsingApp-AnimeBrowsingAppUITests/Pods-AnimeBrowsingApp-AnimeBrowsingAppUITests-frameworks-${CONFIGURATION}-input-files.xcfilelist",
			);
			name = "[CP] Embed Pods Frameworks";
			outputFileListPaths = (
				"${PODS_ROOT}/Target Support Files/Pods-AnimeBrowsingApp-AnimeBrowsingAppUITests/Pods-AnimeBrowsingApp-AnimeBrowsingAppUITests-frameworks-${CONFIGURATION}-output-files.xcfilelist",
			);
			runOnlyForDeploymentPostprocessing = 0;
			shellPath = /bin/sh;
			shellScript = "\"${PODS_ROOT}/Target Support Files/Pods-AnimeBrowsingApp-AnimeBrowsingAppUITests/Pods-AnimeBrowsingApp-AnimeBrowsingAppUITests-frameworks.sh\"\n";
			showEnvVarsInLog = 0;
		};
		573C3B823A54423DB9E8DA09 /* [CP] Check Pods Manifest.lock */ = {
			isa = PBXShellScriptBuildPhase;
			buildActionMask = 2147483647;
			files = (
			);
			inputFileListPaths = (
			);
			inputPaths = (
				"${PODS_PODFILE_DIR_PATH}/Podfile.lock",
				"${PODS_ROOT}/Manifest.lock",
			);
			name = "[CP] Check Pods Manifest.lock";
			outputFileListPaths = (
			);
			outputPaths = (
				"$(DERIVED_FILE_DIR)/Pods-AnimeBrowsingApp-AnimeBrowsingAppUITests-checkManifestLockResult.txt",
			);
			runOnlyForDeploymentPostprocessing = 0;
			shellPath = /bin/sh;
			shellScript = "diff \"${PODS_PODFILE_DIR_PATH}/Podfile.lock\" \"${PODS_ROOT}/Manifest.lock\" > /dev/null\nif [ $? != 0 ] ; then\n    # print error to STDERR\n    echo \"error: The sandbox is not in sync with the Podfile.lock. Run 'pod install' or update your CocoaPods installation.\" >&2\n    exit 1\nfi\n# This output is used by Xcode 'outputs' to avoid re-running this script phase.\necho \"SUCCESS\" > \"${SCRIPT_OUTPUT_FILE_0}\"\n";
			showEnvVarsInLog = 0;
		};
		838F4E70FC564A4D942FD3D6 /* [CP] Embed Pods Frameworks */ = {
			isa = PBXShellScriptBuildPhase;
			buildActionMask = 2147483647;
			files = (
			);
			inputFileListPaths = (
				"${PODS_ROOT}/Target Support Files/Pods-AnimeBrowsingApp/Pods-AnimeBrowsingApp-frameworks-${CONFIGURATION}-input-files.xcfilelist",
			);
			name = "[CP] Embed Pods Frameworks";
			outputFileListPaths = (
				"${PODS_ROOT}/Target Support Files/Pods-AnimeBrowsingApp/Pods-AnimeBrowsingApp-frameworks-${CONFIGURATION}-output-files.xcfilelist",
			);
			runOnlyForDeploymentPostprocessing = 0;
			shellPath = /bin/sh;
			shellScript = "\"${PODS_ROOT}/Target Support Files/Pods-AnimeBrowsingApp/Pods-AnimeBrowsingApp-frameworks.sh\"\n";
			showEnvVarsInLog = 0;
		};
		D56B060FAD0B5A810FC5E66E /* [CP] Check Pods Manifest.lock */ = {
			isa = PBXShellScriptBuildPhase;
			buildActionMask = 2147483647;
			files = (
			);
			inputFileListPaths = (
			);
			inputPaths = (
				"${PODS_PODFILE_DIR_PATH}/Podfile.lock",
				"${PODS_ROOT}/Manifest.lock",
			);
			name = "[CP] Check Pods Manifest.lock";
			outputFileListPaths = (
			);
			outputPaths = (
				"$(DERIVED_FILE_DIR)/Pods-AnimeBrowsingAppTests-checkManifestLockResult.txt",
			);
			runOnlyForDeploymentPostprocessing = 0;
			shellPath = /bin/sh;
			shellScript = "diff \"${PODS_PODFILE_DIR_PATH}/Podfile.lock\" \"${PODS_ROOT}/Manifest.lock\" > /dev/null\nif [ $? != 0 ] ; then\n    # print error to STDERR\n    echo \"error: The sandbox is not in sync with the Podfile.lock. Run 'pod install' or update your CocoaPods installation.\" >&2\n    exit 1\nfi\n# This output is used by Xcode 'outputs' to avoid re-running this script phase.\necho \"SUCCESS\" > \"${SCRIPT_OUTPUT_FILE_0}\"\n";
			showEnvVarsInLog = 0;
		};
		E1C1A7F2D41D045D59CAB8C0 /* [CP] Check Pods Manifest.lock */ = {
			isa = PBXShellScriptBuildPhase;
			buildActionMask = 2147483647;
			files = (
			);
			inputFileListPaths = (
			);
			inputPaths = (
				"${PODS_PODFILE_DIR_PATH}/Podfile.lock",
				"${PODS_ROOT}/Manifest.lock",
			);
			name = "[CP] Check Pods Manifest.lock";
			outputFileListPaths = (
			);
			outputPaths = (
				"$(DERIVED_FILE_DIR)/Pods-AnimeBrowsingApp-checkManifestLockResult.txt",
			);
			runOnlyForDeploymentPostprocessing = 0;
			shellPath = /bin/sh;
			shellScript = "diff \"${PODS_PODFILE_DIR_PATH}/Podfile.lock\" \"${PODS_ROOT}/Manifest.lock\" > /dev/null\nif [ $? != 0 ] ; then\n    # print error to STDERR\n    echo \"error: The sandbox is not in sync with the Podfile.lock. Run 'pod install' or update your CocoaPods installation.\" >&2\n    exit 1\nfi\n# This output is used by Xcode 'outputs' to avoid re-running this script phase.\necho \"SUCCESS\" > \"${SCRIPT_OUTPUT_FILE_0}\"\n";
			showEnvVarsInLog = 0;
		};
/* End PBXShellScriptBuildPhase section */

/* Begin PBXSourcesBuildPhase section */
		095E52E324ADB136009FABE3 /* Sources */ = {
			isa = PBXSourcesBuildPhase;
			buildActionMask = 2147483647;
			files = (
				F0DAC93124C665B500B51FD4 /* AnimeHomeCollectionViewController.swift in Sources */,
				095E52EB24ADB136009FABE3 /* AppDelegate.swift in Sources */,
				F0DAC92F24C0CB4B00B51FD4 /* CGLayerExtensions.swift in Sources */,
				095E531E24ADB459009FABE3 /* UIViewExtensions.swift in Sources */,
				095E532A24B1891E009FABE3 /* UIImageViewExtensions.swift in Sources */,
				095E52ED24ADB136009FABE3 /* SceneDelegate.swift in Sources */,
				095E532824AEC225009FABE3 /* Anime.swift in Sources */,
				095E531B24ADB320009FABE3 /* HomeScreenViewController.swift in Sources */,
				09E3463F24B6B55700DD6B0E /* DetailPageViewController.swift in Sources */,
				095E532224AEBEB5009FABE3 /* Constants.swift in Sources */,
				095E532024ADB605009FABE3 /* AnimeTableCell.swift in Sources */,
				F04C973424C9228600897247 /* AnimeCollectionViewController.swift in Sources */,
				F0DAC92D24BEB7F000B51FD4 /* UIDeviceExtensions.swift in Sources */,
				F04C972F24C920E100897247 /* AnimeCollectionView.swift in Sources */,
			);
			runOnlyForDeploymentPostprocessing = 0;
		};
		095E52F924ADB139009FABE3 /* Sources */ = {
			isa = PBXSourcesBuildPhase;
			buildActionMask = 2147483647;
			files = (
				095E530224ADB139009FABE3 /* AnimeBrowsingAppTests.swift in Sources */,
			);
			runOnlyForDeploymentPostprocessing = 0;
		};
		095E530424ADB139009FABE3 /* Sources */ = {
			isa = PBXSourcesBuildPhase;
			buildActionMask = 2147483647;
			files = (
				095E530D24ADB139009FABE3 /* AnimeBrowsingAppUITests.swift in Sources */,
			);
			runOnlyForDeploymentPostprocessing = 0;
		};
/* End PBXSourcesBuildPhase section */

/* Begin PBXTargetDependency section */
		095E52FF24ADB139009FABE3 /* PBXTargetDependency */ = {
			isa = PBXTargetDependency;
			target = 095E52E624ADB136009FABE3 /* AnimeBrowsingApp */;
			targetProxy = 095E52FE24ADB139009FABE3 /* PBXContainerItemProxy */;
		};
		095E530A24ADB139009FABE3 /* PBXTargetDependency */ = {
			isa = PBXTargetDependency;
			target = 095E52E624ADB136009FABE3 /* AnimeBrowsingApp */;
			targetProxy = 095E530924ADB139009FABE3 /* PBXContainerItemProxy */;
		};
/* End PBXTargetDependency section */

/* Begin PBXVariantGroup section */
		095E52F524ADB139009FABE3 /* LaunchScreen.storyboard */ = {
			isa = PBXVariantGroup;
			children = (
				095E52F624ADB139009FABE3 /* Base */,
			);
			name = LaunchScreen.storyboard;
			sourceTree = "<group>";
		};
/* End PBXVariantGroup section */

/* Begin XCBuildConfiguration section */
		095E530F24ADB139009FABE3 /* Debug */ = {
			isa = XCBuildConfiguration;
			buildSettings = {
				ALWAYS_SEARCH_USER_PATHS = NO;
				CLANG_ANALYZER_NONNULL = YES;
				CLANG_ANALYZER_NUMBER_OBJECT_CONVERSION = YES_AGGRESSIVE;
				CLANG_CXX_LANGUAGE_STANDARD = "gnu++14";
				CLANG_CXX_LIBRARY = "libc++";
				CLANG_ENABLE_MODULES = YES;
				CLANG_ENABLE_OBJC_ARC = YES;
				CLANG_ENABLE_OBJC_WEAK = YES;
				CLANG_WARN_BLOCK_CAPTURE_AUTORELEASING = YES;
				CLANG_WARN_BOOL_CONVERSION = YES;
				CLANG_WARN_COMMA = YES;
				CLANG_WARN_CONSTANT_CONVERSION = YES;
				CLANG_WARN_DEPRECATED_OBJC_IMPLEMENTATIONS = YES;
				CLANG_WARN_DIRECT_OBJC_ISA_USAGE = YES_ERROR;
				CLANG_WARN_DOCUMENTATION_COMMENTS = YES;
				CLANG_WARN_EMPTY_BODY = YES;
				CLANG_WARN_ENUM_CONVERSION = YES;
				CLANG_WARN_INFINITE_RECURSION = YES;
				CLANG_WARN_INT_CONVERSION = YES;
				CLANG_WARN_NON_LITERAL_NULL_CONVERSION = YES;
				CLANG_WARN_OBJC_IMPLICIT_RETAIN_SELF = YES;
				CLANG_WARN_OBJC_LITERAL_CONVERSION = YES;
				CLANG_WARN_OBJC_ROOT_CLASS = YES_ERROR;
				CLANG_WARN_RANGE_LOOP_ANALYSIS = YES;
				CLANG_WARN_STRICT_PROTOTYPES = YES;
				CLANG_WARN_SUSPICIOUS_MOVE = YES;
				CLANG_WARN_UNGUARDED_AVAILABILITY = YES_AGGRESSIVE;
				CLANG_WARN_UNREACHABLE_CODE = YES;
				CLANG_WARN__DUPLICATE_METHOD_MATCH = YES;
				COPY_PHASE_STRIP = NO;
				DEBUG_INFORMATION_FORMAT = dwarf;
				ENABLE_STRICT_OBJC_MSGSEND = YES;
				ENABLE_TESTABILITY = YES;
				GCC_C_LANGUAGE_STANDARD = gnu11;
				GCC_DYNAMIC_NO_PIC = NO;
				GCC_NO_COMMON_BLOCKS = YES;
				GCC_OPTIMIZATION_LEVEL = 0;
				GCC_PREPROCESSOR_DEFINITIONS = (
					"DEBUG=1",
					"$(inherited)",
				);
				GCC_WARN_64_TO_32_BIT_CONVERSION = YES;
				GCC_WARN_ABOUT_RETURN_TYPE = YES_ERROR;
				GCC_WARN_UNDECLARED_SELECTOR = YES;
				GCC_WARN_UNINITIALIZED_AUTOS = YES_AGGRESSIVE;
				GCC_WARN_UNUSED_FUNCTION = YES;
				GCC_WARN_UNUSED_VARIABLE = YES;
				IPHONEOS_DEPLOYMENT_TARGET = 13.5;
				MTL_ENABLE_DEBUG_INFO = INCLUDE_SOURCE;
				MTL_FAST_MATH = YES;
				ONLY_ACTIVE_ARCH = YES;
				SDKROOT = iphoneos;
				SWIFT_ACTIVE_COMPILATION_CONDITIONS = DEBUG;
				SWIFT_OPTIMIZATION_LEVEL = "-Onone";
			};
			name = Debug;
		};
		095E531024ADB139009FABE3 /* Release */ = {
			isa = XCBuildConfiguration;
			buildSettings = {
				ALWAYS_SEARCH_USER_PATHS = NO;
				CLANG_ANALYZER_NONNULL = YES;
				CLANG_ANALYZER_NUMBER_OBJECT_CONVERSION = YES_AGGRESSIVE;
				CLANG_CXX_LANGUAGE_STANDARD = "gnu++14";
				CLANG_CXX_LIBRARY = "libc++";
				CLANG_ENABLE_MODULES = YES;
				CLANG_ENABLE_OBJC_ARC = YES;
				CLANG_ENABLE_OBJC_WEAK = YES;
				CLANG_WARN_BLOCK_CAPTURE_AUTORELEASING = YES;
				CLANG_WARN_BOOL_CONVERSION = YES;
				CLANG_WARN_COMMA = YES;
				CLANG_WARN_CONSTANT_CONVERSION = YES;
				CLANG_WARN_DEPRECATED_OBJC_IMPLEMENTATIONS = YES;
				CLANG_WARN_DIRECT_OBJC_ISA_USAGE = YES_ERROR;
				CLANG_WARN_DOCUMENTATION_COMMENTS = YES;
				CLANG_WARN_EMPTY_BODY = YES;
				CLANG_WARN_ENUM_CONVERSION = YES;
				CLANG_WARN_INFINITE_RECURSION = YES;
				CLANG_WARN_INT_CONVERSION = YES;
				CLANG_WARN_NON_LITERAL_NULL_CONVERSION = YES;
				CLANG_WARN_OBJC_IMPLICIT_RETAIN_SELF = YES;
				CLANG_WARN_OBJC_LITERAL_CONVERSION = YES;
				CLANG_WARN_OBJC_ROOT_CLASS = YES_ERROR;
				CLANG_WARN_RANGE_LOOP_ANALYSIS = YES;
				CLANG_WARN_STRICT_PROTOTYPES = YES;
				CLANG_WARN_SUSPICIOUS_MOVE = YES;
				CLANG_WARN_UNGUARDED_AVAILABILITY = YES_AGGRESSIVE;
				CLANG_WARN_UNREACHABLE_CODE = YES;
				CLANG_WARN__DUPLICATE_METHOD_MATCH = YES;
				COPY_PHASE_STRIP = NO;
				DEBUG_INFORMATION_FORMAT = "dwarf-with-dsym";
				ENABLE_NS_ASSERTIONS = NO;
				ENABLE_STRICT_OBJC_MSGSEND = YES;
				GCC_C_LANGUAGE_STANDARD = gnu11;
				GCC_NO_COMMON_BLOCKS = YES;
				GCC_WARN_64_TO_32_BIT_CONVERSION = YES;
				GCC_WARN_ABOUT_RETURN_TYPE = YES_ERROR;
				GCC_WARN_UNDECLARED_SELECTOR = YES;
				GCC_WARN_UNINITIALIZED_AUTOS = YES_AGGRESSIVE;
				GCC_WARN_UNUSED_FUNCTION = YES;
				GCC_WARN_UNUSED_VARIABLE = YES;
				IPHONEOS_DEPLOYMENT_TARGET = 13.5;
				MTL_ENABLE_DEBUG_INFO = NO;
				MTL_FAST_MATH = YES;
				SDKROOT = iphoneos;
				SWIFT_COMPILATION_MODE = wholemodule;
				SWIFT_OPTIMIZATION_LEVEL = "-O";
				VALIDATE_PRODUCT = YES;
			};
			name = Release;
		};
		095E531224ADB139009FABE3 /* Debug */ = {
			isa = XCBuildConfiguration;
			baseConfigurationReference = 5FC547156AE17DFE0224F9D4 /* Pods-AnimeBrowsingApp.debug.xcconfig */;
			buildSettings = {
				ASSETCATALOG_COMPILER_APPICON_NAME = AppIcon;
				CODE_SIGN_STYLE = Automatic;
				DEVELOPMENT_ASSET_PATHS = "\"AnimeBrowsingApp/Preview Content\"";
				ENABLE_PREVIEWS = YES;
				INFOPLIST_FILE = AnimeBrowsingApp/Info.plist;
				IPHONEOS_DEPLOYMENT_TARGET = 13.2;
				LD_RUNPATH_SEARCH_PATHS = (
					"$(inherited)",
					"@executable_path/Frameworks",
				);
				PRODUCT_BUNDLE_IDENTIFIER = somecompany.AnimeBrowsingApp;
				PRODUCT_NAME = "$(TARGET_NAME)";
				SWIFT_VERSION = 5.0;
				TARGETED_DEVICE_FAMILY = "1,2";
			};
			name = Debug;
		};
		095E531324ADB139009FABE3 /* Release */ = {
			isa = XCBuildConfiguration;
			baseConfigurationReference = 80C61A97E41CD8B3F068F639 /* Pods-AnimeBrowsingApp.release.xcconfig */;
			buildSettings = {
				ASSETCATALOG_COMPILER_APPICON_NAME = AppIcon;
				CODE_SIGN_STYLE = Automatic;
				DEVELOPMENT_ASSET_PATHS = "\"AnimeBrowsingApp/Preview Content\"";
				ENABLE_PREVIEWS = YES;
				INFOPLIST_FILE = AnimeBrowsingApp/Info.plist;
				IPHONEOS_DEPLOYMENT_TARGET = 13.2;
				LD_RUNPATH_SEARCH_PATHS = (
					"$(inherited)",
					"@executable_path/Frameworks",
				);
				PRODUCT_BUNDLE_IDENTIFIER = somecompany.AnimeBrowsingApp;
				PRODUCT_NAME = "$(TARGET_NAME)";
				SWIFT_VERSION = 5.0;
				TARGETED_DEVICE_FAMILY = "1,2";
			};
			name = Release;
		};
		095E531524ADB139009FABE3 /* Debug */ = {
			isa = XCBuildConfiguration;
			baseConfigurationReference = 5B0FFC1E7EE25E505B412AB3 /* Pods-AnimeBrowsingAppTests.debug.xcconfig */;
			buildSettings = {
				ALWAYS_EMBED_SWIFT_STANDARD_LIBRARIES = YES;
				BUNDLE_LOADER = "$(TEST_HOST)";
				CODE_SIGN_STYLE = Automatic;
				INFOPLIST_FILE = AnimeBrowsingAppTests/Info.plist;
				IPHONEOS_DEPLOYMENT_TARGET = 13.5;
				LD_RUNPATH_SEARCH_PATHS = (
					"$(inherited)",
					"@executable_path/Frameworks",
					"@loader_path/Frameworks",
				);
				PRODUCT_BUNDLE_IDENTIFIER = somecompany.AnimeBrowsingAppTests;
				PRODUCT_NAME = "$(TARGET_NAME)";
				SWIFT_VERSION = 5.0;
				TARGETED_DEVICE_FAMILY = "1,2";
				TEST_HOST = "$(BUILT_PRODUCTS_DIR)/AnimeBrowsingApp.app/AnimeBrowsingApp";
			};
			name = Debug;
		};
		095E531624ADB139009FABE3 /* Release */ = {
			isa = XCBuildConfiguration;
			baseConfigurationReference = E3EDB465F800BBA6CADDFF0E /* Pods-AnimeBrowsingAppTests.release.xcconfig */;
			buildSettings = {
				ALWAYS_EMBED_SWIFT_STANDARD_LIBRARIES = YES;
				BUNDLE_LOADER = "$(TEST_HOST)";
				CODE_SIGN_STYLE = Automatic;
				INFOPLIST_FILE = AnimeBrowsingAppTests/Info.plist;
				IPHONEOS_DEPLOYMENT_TARGET = 13.5;
				LD_RUNPATH_SEARCH_PATHS = (
					"$(inherited)",
					"@executable_path/Frameworks",
					"@loader_path/Frameworks",
				);
				PRODUCT_BUNDLE_IDENTIFIER = somecompany.AnimeBrowsingAppTests;
				PRODUCT_NAME = "$(TARGET_NAME)";
				SWIFT_VERSION = 5.0;
				TARGETED_DEVICE_FAMILY = "1,2";
				TEST_HOST = "$(BUILT_PRODUCTS_DIR)/AnimeBrowsingApp.app/AnimeBrowsingApp";
			};
			name = Release;
		};
		095E531824ADB139009FABE3 /* Debug */ = {
			isa = XCBuildConfiguration;
			baseConfigurationReference = 8B0B377890E44BDF6378802A /* Pods-AnimeBrowsingApp-AnimeBrowsingAppUITests.debug.xcconfig */;
			buildSettings = {
				ALWAYS_EMBED_SWIFT_STANDARD_LIBRARIES = YES;
				CODE_SIGN_STYLE = Automatic;
				INFOPLIST_FILE = AnimeBrowsingAppUITests/Info.plist;
				LD_RUNPATH_SEARCH_PATHS = (
					"$(inherited)",
					"@executable_path/Frameworks",
					"@loader_path/Frameworks",
				);
				PRODUCT_BUNDLE_IDENTIFIER = somecompany.AnimeBrowsingAppUITests;
				PRODUCT_NAME = "$(TARGET_NAME)";
				SWIFT_VERSION = 5.0;
				TARGETED_DEVICE_FAMILY = "1,2";
				TEST_TARGET_NAME = AnimeBrowsingApp;
			};
			name = Debug;
		};
		095E531924ADB139009FABE3 /* Release */ = {
			isa = XCBuildConfiguration;
			baseConfigurationReference = 327291F900776692557A9437 /* Pods-AnimeBrowsingApp-AnimeBrowsingAppUITests.release.xcconfig */;
			buildSettings = {
				ALWAYS_EMBED_SWIFT_STANDARD_LIBRARIES = YES;
				CODE_SIGN_STYLE = Automatic;
				INFOPLIST_FILE = AnimeBrowsingAppUITests/Info.plist;
				LD_RUNPATH_SEARCH_PATHS = (
					"$(inherited)",
					"@executable_path/Frameworks",
					"@loader_path/Frameworks",
				);
				PRODUCT_BUNDLE_IDENTIFIER = somecompany.AnimeBrowsingAppUITests;
				PRODUCT_NAME = "$(TARGET_NAME)";
				SWIFT_VERSION = 5.0;
				TARGETED_DEVICE_FAMILY = "1,2";
				TEST_TARGET_NAME = AnimeBrowsingApp;
			};
			name = Release;
		};
/* End XCBuildConfiguration section */

/* Begin XCConfigurationList section */
		095E52E224ADB136009FABE3 /* Build configuration list for PBXProject "AnimeBrowsingApp" */ = {
			isa = XCConfigurationList;
			buildConfigurations = (
				095E530F24ADB139009FABE3 /* Debug */,
				095E531024ADB139009FABE3 /* Release */,
			);
			defaultConfigurationIsVisible = 0;
			defaultConfigurationName = Release;
		};
		095E531124ADB139009FABE3 /* Build configuration list for PBXNativeTarget "AnimeBrowsingApp" */ = {
			isa = XCConfigurationList;
			buildConfigurations = (
				095E531224ADB139009FABE3 /* Debug */,
				095E531324ADB139009FABE3 /* Release */,
			);
			defaultConfigurationIsVisible = 0;
			defaultConfigurationName = Release;
		};
		095E531424ADB139009FABE3 /* Build configuration list for PBXNativeTarget "AnimeBrowsingAppTests" */ = {
			isa = XCConfigurationList;
			buildConfigurations = (
				095E531524ADB139009FABE3 /* Debug */,
				095E531624ADB139009FABE3 /* Release */,
			);
			defaultConfigurationIsVisible = 0;
			defaultConfigurationName = Release;
		};
		095E531724ADB139009FABE3 /* Build configuration list for PBXNativeTarget "AnimeBrowsingAppUITests" */ = {
			isa = XCConfigurationList;
			buildConfigurations = (
				095E531824ADB139009FABE3 /* Debug */,
				095E531924ADB139009FABE3 /* Release */,
			);
			defaultConfigurationIsVisible = 0;
			defaultConfigurationName = Release;
		};
/* End XCConfigurationList section */
	};
	rootObject = 095E52DF24ADB136009FABE3 /* Project object */;
}
